<?xml version="1.0" encoding="utf-8"?>
<Project ToolsVersion="4.0" xmlns="http://schemas.microsoft.com/developer/msbuild/2003">
  <ItemGroup>
    <ClCompile Include="imgui\imgui.cpp">
      <Filter>imgui</Filter>
    </ClCompile>
    <ClCompile Include="imgui\imgui_demo.cpp">
      <Filter>imgui</Filter>
    </ClCompile>
    <ClCompile Include="imgui\imgui_draw.cpp">
      <Filter>imgui</Filter>
    </ClCompile>
    <ClCompile Include="imgui\imgui_tables.cpp">
      <Filter>imgui</Filter>
    </ClCompile>
    <ClCompile Include="imgui\imgui_widgets.cpp">
      <Filter>imgui</Filter>
    </ClCompile>
    <ClCompile Include="imgui\backends\imgui_impl_dx11.cpp">
      <Filter>imgui\backends</Filter>
    </ClCompile>
    <ClCompile Include="imgui\backends\imgui_impl_win32.cpp">
      <Filter>imgui\backends</Filter>
    </ClCompile>
    <ClCompile Include="imgui_main.cpp" />
    <ClCompile Include="main.cpp" />
    <ClCompile Include="implot\implot.cpp">
      <Filter>implot</Filter>
    </ClCompile>
    <ClCompile Include="implot\implot_items.cpp">
      <Filter>implot</Filter>
    </ClCompile>
    <ClCompile Include="imgui_utils.cpp" />
    <ClCompile Include="dbscan\dbscan.cpp">
      <Filter>dbscan</Filter>
    </ClCompile>
    <ClCompile Include="main_utils.cpp" />
    <ClCompile Include="variationSteps.cu" />
    <ClCompile Include="implot3d\implot3d.cpp">
      <Filter>implot3d</Filter>
    </ClCompile>
    <ClCompile Include="implot3d\implot3d_demo.cpp">
      <Filter>implot3d</Filter>
    </ClCompile>
    <ClCompile Include="implot3d\implot3d_items.cpp">
      <Filter>implot3d</Filter>
    </ClCompile>
    <ClCompile Include="implot3d\implot3d_meshes.cpp">
      <Filter>implot3d</Filter>
    </ClCompile>
    <ClCompile Include="gui\plotWindowMenu.cpp">
      <Filter>gui</Filter>
    </ClCompile>
    <ClCompile Include="gui\img_loading.cpp">
      <Filter>gui</Filter>
    </ClCompile>
    <ClCompile Include="gui\map_img.cpp">
      <Filter>gui</Filter>
    </ClCompile>
    <ClCompile Include="map_utils.cpp" />
    <ClCompile Include="gui\fullscreen_funcs.cpp">
      <Filter>gui</Filter>
    </ClCompile>
  </ItemGroup>
  <ItemGroup>
    <Filter Include="imgui">
      <UniqueIdentifier>{3e472e74-c0be-4f38-8af0-f134326f6beb}</UniqueIdentifier>
    </Filter>
    <Filter Include="imgui\backends">
      <UniqueIdentifier>{e2aadb0d-c1cb-4f98-8856-23f451267ad2}</UniqueIdentifier>
    </Filter>
    <Filter Include="kernels">
      <UniqueIdentifier>{9315fa8f-a754-48c4-b121-979c4d96bcb5}</UniqueIdentifier>
    </Filter>
    <Filter Include="implot">
      <UniqueIdentifier>{3e4da3fd-8489-4389-9886-e10bac652991}</UniqueIdentifier>
    </Filter>
    <Filter Include="dbscan">
      <UniqueIdentifier>{4461c4e3-1746-41e9-847c-27da9839fd03}</UniqueIdentifier>
    </Filter>
    <Filter Include="analysis">
      <UniqueIdentifier>{de16d9d3-e2a2-45ef-8e41-d0ff21a3645f}</UniqueIdentifier>
    </Filter>
    <Filter Include="implot3d">
      <UniqueIdentifier>{2e2d2bfc-a3ca-4599-adcc-177cb5b5f913}</UniqueIdentifier>
    </Filter>
    <Filter Include="gui">
      <UniqueIdentifier>{6cdca27c-51e4-4f85-8673-eed16b31547e}</UniqueIdentifier>
    </Filter>
    <Filter Include="analysis\lle">
      <UniqueIdentifier>{0e268a75-6ae7-4748-9c81-1a1c8fd3291b}</UniqueIdentifier>
    </Filter>
    <Filter Include="analysis\max">
      <UniqueIdentifier>{1d501396-4ff0-4147-b8df-9df70f96ca8a}</UniqueIdentifier>
    </Filter>
  </ItemGroup>
  <ItemGroup>
    <ClInclude Include="imgui\imconfig.h">
      <Filter>imgui</Filter>
    </ClInclude>
    <ClInclude Include="imgui\imgui.h">
      <Filter>imgui</Filter>
    </ClInclude>
    <ClInclude Include="imgui\imgui_internal.h">
      <Filter>imgui</Filter>
    </ClInclude>
    <ClInclude Include="imgui\imstb_rectpack.h">
      <Filter>imgui</Filter>
    </ClInclude>
    <ClInclude Include="imgui\imstb_textedit.h">
      <Filter>imgui</Filter>
    </ClInclude>
    <ClInclude Include="imgui\imstb_truetype.h">
      <Filter>imgui</Filter>
    </ClInclude>
    <ClInclude Include="imgui\backends\imgui_impl_dx11.h">
      <Filter>imgui\backends</Filter>
    </ClInclude>
    <ClInclude Include="imgui\backends\imgui_impl_win32.h">
      <Filter>imgui\backends</Filter>
    </ClInclude>
    <ClInclude Include="main.h" />
    <ClInclude Include="implot\implot.h">
      <Filter>implot</Filter>
    </ClInclude>
    <ClInclude Include="implot\implot_internal.h">
      <Filter>implot</Filter>
    </ClInclude>
    <ClInclude Include="objects.h" />
    <ClInclude Include="imgui_utils.h" />
    <ClInclude Include="cuda_macros.h" />
    <ClInclude Include="resource.h" />
    <ClInclude Include="dbscan\dbscan.h">
      <Filter>dbscan</Filter>
    </ClInclude>
    <ClInclude Include="quaternion.h" />
    <ClInclude Include="plotWindow.h" />
    <ClInclude Include="analysis.h" />
    <ClInclude Include="main_utils.h" />
    <ClInclude Include="kernel_struct.h" />
    <ClInclude Include="marshal_struct.h" />
    <ClInclude Include="computation_struct.h" />
    <ClInclude Include="attribute_struct.h" />
    <ClInclude Include="mapData_struct.h" />
    <ClInclude Include="variationSteps.h" />
    <ClInclude Include="heatmapSizing_struct.h" />
    <ClInclude Include="kernels_common.h" />
    <ClInclude Include="implot3d\implot3d.h">
      <Filter>implot3d</Filter>
    </ClInclude>
    <ClInclude Include="implot3d\implot3d_internal.h">
      <Filter>implot3d</Filter>
    </ClInclude>
    <ClInclude Include="gui\plotWindowMenu.h">
      <Filter>gui</Filter>
    </ClInclude>
    <ClInclude Include="gui\img_loading.h">
      <Filter>gui</Filter>
    </ClInclude>
    <ClInclude Include="gui\stb_image.h">
      <Filter>gui</Filter>
    </ClInclude>
    <ClInclude Include="gui\d3dx11tex.h">
      <Filter>gui</Filter>
    </ClInclude>
    <ClInclude Include="gui\map_img.h">
      <Filter>gui</Filter>
    </ClInclude>
    <ClInclude Include="imgui_main.hpp" />
    <ClInclude Include="heatmapProperties.hpp" />
    <ClInclude Include="map_utils.hpp" />
    <ClInclude Include="colorLUT_struct.h" />
    <ClInclude Include="iconfont.h" />
    <ClInclude Include="gui\fullscreen_funcs.h">
      <Filter>gui</Filter>
    </ClInclude>
    <ClInclude Include="analysis\lle\lle.h">
      <Filter>analysis\lle</Filter>
    </ClInclude>
    <ClInclude Include="analysis\max\max.h">
      <Filter>analysis\max</Filter>
    </ClInclude>
    <ClInclude Include="styles.h">
      <Filter>gui</Filter>
    </ClInclude>
  </ItemGroup>
  <ItemGroup>
    <CudaCompile Include="main.cu" />
    <CudaCompile Include="kernels\halvorsen\halvorsen.cu">
      <Filter>kernels</Filter>
    </CudaCompile>
    <CudaCompile Include="kernels\chen\chen.cu">
      <Filter>kernels</Filter>
    </CudaCompile>
    <CudaCompile Include="kernels\dadras\dadras.cu">
      <Filter>kernels</Filter>
    </CudaCompile>
    <CudaCompile Include="kernels\fourwing\fourwing.cu">
      <Filter>kernels</Filter>
    </CudaCompile>
    <CudaCompile Include="kernels\langford\langford.cu">
      <Filter>kernels</Filter>
    </CudaCompile>
    <CudaCompile Include="kernels\rossler\rossler.cu">
      <Filter>kernels</Filter>
    </CudaCompile>
    <CudaCompile Include="kernels\three_scroll\three_scroll.cu">
      <Filter>kernels</Filter>
    </CudaCompile>
    <CudaCompile Include="kernels\wilson\wilson.cu">
      <Filter>kernels</Filter>
    </CudaCompile>
    <CudaCompile Include="kernels\thomas\thomas.cu">
      <Filter>kernels</Filter>
    </CudaCompile>
    <CudaCompile Include="analysis\lle\lle.cu">
      <Filter>analysis\lle</Filter>
    </CudaCompile>
    <CudaCompile Include="analysis\max\max.cu">
      <Filter>analysis\max</Filter>
    </CudaCompile>
    <CudaCompile Include="kernels\lorenz\lorenz.cu">
      <Filter>kernels</Filter>
    </CudaCompile>
    <CudaCompile Include="kernels\lorenzVar\lorenzVar.cu">
      <Filter>kernels</Filter>
    </CudaCompile>
    <CudaCompile Include="kernels\jj_mrlcs\jj_mrlcs.cu">
      <Filter>kernels</Filter>
    </CudaCompile>
    <CudaCompile Include="kernels\jj_rlcs\jj_rlcs.cu">
      <Filter>kernels</Filter>
    </CudaCompile>
    <CudaCompile Include="kernels\sprott14\sprott14.cu">
      <Filter>kernels</Filter>
    </CudaCompile>
    <CudaCompile Include="kernels\sprottJm\sprottJm.cu">
      <Filter>kernels</Filter>
    </CudaCompile>
    <CudaCompile Include="kernels\sang\sang.cu">
      <Filter>kernels</Filter>
    </CudaCompile>
    <CudaCompile Include="kernels\rabinovich_fabrikant\rabinovich_fabrikant.cu">
      <Filter>kernels</Filter>
    </CudaCompile>
    <CudaCompile Include="kernels\vnm\vnm.cu">
      <Filter>kernels</Filter>
    </CudaCompile>
  </ItemGroup>
  <ItemGroup>
    <ResourceCompile Include="CUDAynamics.rc" />
  </ItemGroup>
  <ItemGroup>
    <Image Include="icon.ico" />
  </ItemGroup>
</Project>